PODS:
  - Flutter (1.0.0)
  - integration_test (0.0.1):
    - Flutter
  - sqlite3_simple (2.2.0):
    - Flutter
    - FlutterMacOS
  - url_launcher_ios (0.0.1):
    - Flutter

DEPENDENCIES:
  - Flutter (from `Flutter`)
  - integration_test (from `.symlinks/plugins/integration_test/ios`)
  - sqlite3_simple (from `.symlinks/plugins/sqlite3_simple/darwin`)
  - url_launcher_ios (from `.symlinks/plugins/url_launcher_ios/ios`)

EXTERNAL SOURCES:
  Flutter:
    :path: Flutter
  integration_test:
    :path: ".symlinks/plugins/integration_test/ios"
  sqlite3_simple:
    :path: ".symlinks/plugins/sqlite3_simple/darwin"
  url_launcher_ios:
    :path: ".symlinks/plugins/url_launcher_ios/ios"

SPEC CHECKSUMS:
  Flutter: cabc95a1d2626b1b06e7179b784ebcf0c0cde467
  integration_test: 252f60fa39af5e17c3aa9899d35d908a0721b573
  sqlite3_simple: 74e9c1de2bcbdce5a7faec63195533343b85c6a6
  url_launcher_ios: bb13df5870e8c4234ca12609d04010a21be43dfa

PODFILE CHECKSUM: 13ef514beecdb0dc5d3f5ec77eedc252f0003363

COCOAPODS: 1.16.2
