PODS:
  - Flutter (1.0.0)
  - integration_test (0.0.1):
    - Flutter
  - sqlite3_simple (1.0.6):
    - Flutter
    - FlutterMacOS

DEPENDENCIES:
  - Flutter (from `Flutter`)
  - integration_test (from `.symlinks/plugins/integration_test/ios`)
  - sqlite3_simple (from `.symlinks/plugins/sqlite3_simple/darwin`)

EXTERNAL SOURCES:
  Flutter:
    :path: Flutter
  integration_test:
    :path: ".symlinks/plugins/integration_test/ios"
  sqlite3_simple:
    :path: ".symlinks/plugins/sqlite3_simple/darwin"

SPEC CHECKSUMS:
  Flutter: cabc95a1d2626b1b06e7179b784ebcf0c0cde467
  integration_test: 252f60fa39af5e17c3aa9899d35d908a0721b573
  sqlite3_simple: 521c760f7c23aca3fa09ca333c5706c84e022150

PODFILE CHECKSUM: 13ef514beecdb0dc5d3f5ec77eedc252f0003363

COCOAPODS: 1.16.2
