PODS:
  - FlutterMacOS (1.0.0)
  - sqlite3_simple (1.0.6):
    - Flutter
    - FlutterMacOS

DEPENDENCIES:
  - FlutterMacOS (from `Flutter/ephemeral`)
  - sqlite3_simple (from `Flutter/ephemeral/.symlinks/plugins/sqlite3_simple/darwin`)

EXTERNAL SOURCES:
  FlutterMacOS:
    :path: Flutter/ephemeral
  sqlite3_simple:
    :path: Flutter/ephemeral/.symlinks/plugins/sqlite3_simple/darwin

SPEC CHECKSUMS:
  FlutterMacOS: d0db08ddef1a9af05a5ec4b724367152bb0500b1
  sqlite3_simple: 521c760f7c23aca3fa09ca333c5706c84e022150

PODFILE CHECKSUM: 20f5b78b4f7da53124c0a2855c65c0dd55e8978d

COCOAPODS: 1.16.2
