PODS:
  - FlutterMacOS (1.0.0)
  - sqlite3_simple (2.2.0):
    - Flutter
    - FlutterMacOS
  - url_launcher_macos (0.0.1):
    - FlutterMacOS

DEPENDENCIES:
  - FlutterMacOS (from `Flutter/ephemeral`)
  - sqlite3_simple (from `Flutter/ephemeral/.symlinks/plugins/sqlite3_simple/darwin`)
  - url_launcher_macos (from `Flutter/ephemeral/.symlinks/plugins/url_launcher_macos/macos`)

EXTERNAL SOURCES:
  FlutterMacOS:
    :path: Flutter/ephemeral
  sqlite3_simple:
    :path: Flutter/ephemeral/.symlinks/plugins/sqlite3_simple/darwin
  url_launcher_macos:
    :path: Flutter/ephemeral/.symlinks/plugins/url_launcher_macos/macos

SPEC CHECKSUMS:
  FlutterMacOS: d0db08ddef1a9af05a5ec4b724367152bb0500b1
  sqlite3_simple: 74e9c1de2bcbdce5a7faec63195533343b85c6a6
  url_launcher_macos: 175a54c831f4375a6cf895875f716ee5af3888ce

PODFILE CHECKSUM: 20f5b78b4f7da53124c0a2855c65c0dd55e8978d

COCOAPODS: 1.16.2
